
Microsoft Visual Studio Solution File, Format Version 12.00
# Visual Studio Version 17
VisualStudioVersion = 17.0.31912.275
MinimumVisualStudioVersion = 10.0.40219.1
Project("{FAE04EC0-301F-11D3-BF4B-00C04F79EFBC}") = "TestAuto", "TestAuto\TestAuto.csproj", "{5083405C-B60D-4274-A25F-A2FCEADFD068}"
EndProject
Global
	GlobalSection(SolutionConfigurationPlatforms) = preSolution
		Debug|Any CPU = Debug|Any CPU
		Release|Any CPU = Release|Any CPU
	EndGlobalSection
	GlobalSection(ProjectConfigurationPlatforms) = postSolution
		{5083405C-B60D-4274-A25F-A2FCEADFD068}.Debug|Any CPU.ActiveCfg = Debug|Any CPU
		{5083405C-B60D-4274-A25F-A2FCEADFD068}.Debug|Any CPU.Build.0 = Debug|Any CPU
		{5083405C-B60D-4274-A25F-A2FCEADFD068}.Release|Any CPU.ActiveCfg = Release|Any CPU
		{5083405C-B60D-4274-A25F-A2FCEADFD068}.Release|Any CPU.Build.0 = Release|Any CPU
	EndGlobalSection
	GlobalSection(SolutionProperties) = preSolution
		HideSolutionNode = FALSE
	EndGlobalSection
	GlobalSection(ExtensibilityGlobals) = postSolution
		SolutionGuid = {13B0F27D-BF7F-4B60-9346-2AFC3FAC60CA}
	EndGlobalSection
EndGlobal
